
Microsoft Visual Studio Solution File, Format Version 12.00
# Visual Studio Version 17
VisualStudioVersion = 17.0.32112.339
MinimumVisualStudioVersion = 10.0.40219.1
Project("{FAE04EC0-301F-11D3-BF4B-00C04F79EFBC}") = "EX4-DatabaseConnection", "EX4-DatabaseConnection\EX4-DatabaseConnection.csproj", "{F15E6F8A-A3CD-4271-A1E1-040DEC79DD99}"
EndProject
Global
	GlobalSection(SolutionConfigurationPlatforms) = preSolution
		Debug|Any CPU = Debug|Any CPU
		Release|Any CPU = Release|Any CPU
	EndGlobalSection
	GlobalSection(ProjectConfigurationPlatforms) = postSolution
		{F15E6F8A-A3CD-4271-A1E1-040DEC79DD99}.Debug|Any CPU.ActiveCfg = Debug|Any CPU
		{F15E6F8A-A3CD-4271-A1E1-040DEC79DD99}.Debug|Any CPU.Build.0 = Debug|Any CPU
		{F15E6F8A-A3CD-4271-A1E1-040DEC79DD99}.Release|Any CPU.ActiveCfg = Release|Any CPU
		{F15E6F8A-A3CD-4271-A1E1-040DEC79DD99}.Release|Any CPU.Build.0 = Release|Any CPU
	EndGlobalSection
	GlobalSection(SolutionProperties) = preSolution
		HideSolutionNode = FALSE
	EndGlobalSection
	GlobalSection(ExtensibilityGlobals) = postSolution
		SolutionGuid = {3A4DFC2E-93C5-45ED-9329-86EF6E539DAE}
	EndGlobalSection
EndGlobal
